// !$*UTF8*$!
{
	archiveVersion = 1;
	classes = {
	};
	objectVersion = 56;
	objects = {

/* Begin PBXBuildFile section */
		8559DE8F2DD38BB600FBB89D /* SimpleToDoApp.swift in Sources */ = {isa = PBXBuildFile; fileRef = 8559DE8E2DD38BB600FBB89D /* SimpleToDoApp.swift */; };
		8559DE912DD38BB600FBB89D /* ContentView.swift in Sources */ = {isa = PBXBuildFile; fileRef = 8559DE902DD38BB600FBB89D /* ContentView.swift */; };
		8559DE932DD38BB800FBB89D /* Assets.xcassets in Resources */ = {isa = PBXBuildFile; fileRef = 8559DE922DD38BB800FBB89D /* Assets.xcassets */; };
		8559DE962DD38BB800FBB89D /* Preview Assets.xcassets in Resources */ = {isa = PBXBuildFile; fileRef = 8559DE952DD38BB800FBB89D /* Preview Assets.xcassets */; };
		8559DEA02DD38BB800FBB89D /* SimpleToDoTests.swift in Sources */ = {isa = PBXBuildFile; fileRef = 8559DE9F2DD38BB800FBB89D /* SimpleToDoTests.swift */; };
		8559DEAA2DD38BB800FBB89D /* SimpleToDoUITests.swift in Sources */ = {isa = PBXBuildFile; fileRef = 8559DEA92DD38BB800FBB89D /* SimpleToDoUITests.swift */; };
		8559DEAC2DD38BB800FBB89D /* SimpleToDoUITestsLaunchTests.swift in Sources */ = {isa = PBXBuildFile; fileRef = 8559DEAB2DD38BB800FBB89D /* SimpleToDoUITestsLaunchTests.swift */; };
		8559DEB92DD38C2B00FBB89D /* TodoItem.swift in Sources */ = {isa = PBXBuildFile; fileRef = 8559DEB82DD38C2B00FBB89D /* TodoItem.swift */; };
		8559DEBB2DD38C5D00FBB89D /* TodoViewModel.swift in Sources */ = {isa = PBXBuildFile; fileRef = 8559DEBA2DD38C5D00FBB89D /* TodoViewModel.swift */; };
		8559DEBF2DD38EE200FBB89D /* AddTaskView.swift .swift in Sources */ = {isa = PBXBuildFile; fileRef = 8559DEBE2DD38EE200FBB89D /* AddTaskView.swift .swift */; };
		8559DEC12DD38EF100FBB89D /* LocationHelper.swift .swift in Sources */ = {isa = PBXBuildFile; fileRef = 8559DEC02DD38EF100FBB89D /* LocationHelper.swift .swift */; };
		8559DEC32DD38EFC00FBB89D /* ImageHelper.swift .swift in Sources */ = {isa = PBXBuildFile; fileRef = 8559DEC22DD38EFC00FBB89D /* ImageHelper.swift .swift */; };
		8559DEC52DD4E19700FBB89D /* LocationManager.swift in Sources */ = {isa = PBXBuildFile; fileRef = 8559DEC42DD4E19700FBB89D /* LocationManager.swift */; };
/* End PBXBuildFile section */

/* Begin PBXContainerItemProxy section */
		8559DE9C2DD38BB800FBB89D /* PBXContainerItemProxy */ = {
			isa = PBXContainerItemProxy;
			containerPortal = 8559DE832DD38BB600FBB89D /* Project object */;
			proxyType = 1;
			remoteGlobalIDString = 8559DE8A2DD38BB600FBB89D;
			remoteInfo = SimpleToDo;
		};
		8559DEA62DD38BB800FBB89D /* PBXContainerItemProxy */ = {
			isa = PBXContainerItemProxy;
			containerPortal = 8559DE832DD38BB600FBB89D /* Project object */;
			proxyType = 1;
			remoteGlobalIDString = 8559DE8A2DD38BB600FBB89D;
			remoteInfo = SimpleToDo;
		};
/* End PBXContainerItemProxy section */

/* Begin PBXFileReference section */
		8559DE8B2DD38BB600FBB89D /* SimpleToDo.app */ = {isa = PBXFileReference; explicitFileType = wrapper.application; includeInIndex = 0; path = SimpleToDo.app; sourceTree = BUILT_PRODUCTS_DIR; };
		8559DE8E2DD38BB600FBB89D /* SimpleToDoApp.swift */ = {isa = PBXFileReference; lastKnownFileType = sourcecode.swift; path = SimpleToDoApp.swift; sourceTree = "<group>"; };
		8559DE902DD38BB600FBB89D /* ContentView.swift */ = {isa = PBXFileReference; lastKnownFileType = sourcecode.swift; path = ContentView.swift; sourceTree = "<group>"; };
		8559DE922DD38BB800FBB89D /* Assets.xcassets */ = {isa = PBXFileReference; lastKnownFileType = folder.assetcatalog; path = Assets.xcassets; sourceTree = "<group>"; };
		8559DE952DD38BB800FBB89D /* Preview Assets.xcassets */ = {isa = PBXFileReference; lastKnownFileType = folder.assetcatalog; path = "Preview Assets.xcassets"; sourceTree = "<group>"; };
		8559DE9B2DD38BB800FBB89D /* SimpleToDoTests.xctest */ = {isa = PBXFileReference; explicitFileType = wrapper.cfbundle; includeInIndex = 0; path = SimpleToDoTests.xctest; sourceTree = BUILT_PRODUCTS_DIR; };
		8559DE9F2DD38BB800FBB89D /* SimpleToDoTests.swift */ = {isa = PBXFileReference; lastKnownFileType = sourcecode.swift; path = SimpleToDoTests.swift; sourceTree = "<group>"; };
		8559DEA52DD38BB800FBB89D /* SimpleToDoUITests.xctest */ = {isa = PBXFileReference; explicitFileType = wrapper.cfbundle; includeInIndex = 0; path = SimpleToDoUITests.xctest; sourceTree = BUILT_PRODUCTS_DIR; };
		8559DEA92DD38BB800FBB89D /* SimpleToDoUITests.swift */ = {isa = PBXFileReference; lastKnownFileType = sourcecode.swift; path = SimpleToDoUITests.swift; sourceTree = "<group>"; };
		8559DEAB2DD38BB800FBB89D /* SimpleToDoUITestsLaunchTests.swift */ = {isa = PBXFileReference; lastKnownFileType = sourcecode.swift; path = SimpleToDoUITestsLaunchTests.swift; sourceTree = "<group>"; };
		8559DEB82DD38C2B00FBB89D /* TodoItem.swift */ = {isa = PBXFileReference; lastKnownFileType = sourcecode.swift; path = TodoItem.swift; sourceTree = "<group>"; };
		8559DEBA2DD38C5D00FBB89D /* TodoViewModel.swift */ = {isa = PBXFileReference; lastKnownFileType = sourcecode.swift; path = TodoViewModel.swift; sourceTree = "<group>"; };
		8559DEBE2DD38EE200FBB89D /* AddTaskView.swift .swift */ = {isa = PBXFileReference; lastKnownFileType = sourcecode.swift; path = "AddTaskView.swift .swift"; sourceTree = "<group>"; };
		8559DEC02DD38EF100FBB89D /* LocationHelper.swift .swift */ = {isa = PBXFileReference; lastKnownFileType = sourcecode.swift; path = "LocationHelper.swift .swift"; sourceTree = "<group>"; };
		8559DEC22DD38EFC00FBB89D /* ImageHelper.swift .swift */ = {isa = PBXFileReference; lastKnownFileType = sourcecode.swift; path = "ImageHelper.swift .swift"; sourceTree = "<group>"; };
		8559DEC42DD4E19700FBB89D /* LocationManager.swift */ = {isa = PBXFileReference; lastKnownFileType = sourcecode.swift; path = LocationManager.swift; sourceTree = "<group>"; };
/* End PBXFileReference section */

/* Begin PBXFrameworksBuildPhase section */
		8559DE882DD38BB600FBB89D /* Frameworks */ = {
			isa = PBXFrameworksBuildPhase;
			buildActionMask = 2147483647;
			files = (
			);
			runOnlyForDeploymentPostprocessing = 0;
		};
		8559DE982DD38BB800FBB89D /* Frameworks */ = {
			isa = PBXFrameworksBuildPhase;
			buildActionMask = 2147483647;
			files = (
			);
			runOnlyForDeploymentPostprocessing = 0;
		};
		8559DEA22DD38BB800FBB89D /* Frameworks */ = {
			isa = PBXFrameworksBuildPhase;
			buildActionMask = 2147483647;
			files = (
			);
			runOnlyForDeploymentPostprocessing = 0;
		};
/* End PBXFrameworksBuildPhase section */

/* Begin PBXGroup section */
		8559DE822DD38BB600FBB89D = {
			isa = PBXGroup;
			children = (
				8559DE8D2DD38BB600FBB89D /* SimpleToDo */,
				8559DE9E2DD38BB800FBB89D /* SimpleToDoTests */,
				8559DEA82DD38BB800FBB89D /* SimpleToDoUITests */,
				8559DE8C2DD38BB600FBB89D /* Products */,
			);
			sourceTree = "<group>";
		};
		8559DE8C2DD38BB600FBB89D /* Products */ = {
			isa = PBXGroup;
			children = (
				8559DE8B2DD38BB600FBB89D /* SimpleToDo.app */,
				8559DE9B2DD38BB800FBB89D /* SimpleToDoTests.xctest */,
				8559DEA52DD38BB800FBB89D /* SimpleToDoUITests.xctest */,
			);
			name = Products;
			sourceTree = "<group>";
		};
		8559DE8D2DD38BB600FBB89D /* SimpleToDo */ = {
			isa = PBXGroup;
			children = (
				8559DE8E2DD38BB600FBB89D /* SimpleToDoApp.swift */,
				8559DEB82DD38C2B00FBB89D /* TodoItem.swift */,
				8559DE902DD38BB600FBB89D /* ContentView.swift */,
				8559DEC42DD4E19700FBB89D /* LocationManager.swift */,
				8559DEBE2DD38EE200FBB89D /* AddTaskView.swift .swift */,
				8559DEC02DD38EF100FBB89D /* LocationHelper.swift .swift */,
				8559DEC22DD38EFC00FBB89D /* ImageHelper.swift .swift */,
				8559DEBA2DD38C5D00FBB89D /* TodoViewModel.swift */,
				8559DE922DD38BB800FBB89D /* Assets.xcassets */,
				8559DE942DD38BB800FBB89D /* Preview Content */,
			);
			path = SimpleToDo;
			sourceTree = "<group>";
		};
		8559DE942DD38BB800FBB89D /* Preview Content */ = {
			isa = PBXGroup;
			children = (
				8559DE952DD38BB800FBB89D /* Preview Assets.xcassets */,
			);
			path = "Preview Content";
			sourceTree = "<group>";
		};
		8559DE9E2DD38BB800FBB89D /* SimpleToDoTests */ = {
			isa = PBXGroup;
			children = (
				8559DE9F2DD38BB800FBB89D /* SimpleToDoTests.swift */,
			);
			path = SimpleToDoTests;
			sourceTree = "<group>";
		};
		8559DEA82DD38BB800FBB89D /* SimpleToDoUITests */ = {
			isa = PBXGroup;
			children = (
				8559DEA92DD38BB800FBB89D /* SimpleToDoUITests.swift */,
				8559DEAB2DD38BB800FBB89D /* SimpleToDoUITestsLaunchTests.swift */,
			);
			path = SimpleToDoUITests;
			sourceTree = "<group>";
		};
/* End PBXGroup section */

/* Begin PBXNativeTarget section */
		8559DE8A2DD38BB600FBB89D /* SimpleToDo */ = {
			isa = PBXNativeTarget;
			buildConfigurationList = 8559DEAF2DD38BB800FBB89D /* Build configuration list for PBXNativeTarget "SimpleToDo" */;
			buildPhases = (
				8559DE872DD38BB600FBB89D /* Sources */,
				8559DE882DD38BB600FBB89D /* Frameworks */,
				8559DE892DD38BB600FBB89D /* Resources */,
			);
			buildRules = (
			);
			dependencies = (
			);
			name = SimpleToDo;
			productName = SimpleToDo;
			productReference = 8559DE8B2DD38BB600FBB89D /* SimpleToDo.app */;
			productType = "com.apple.product-type.application";
		};
		8559DE9A2DD38BB800FBB89D /* SimpleToDoTests */ = {
			isa = PBXNativeTarget;
			buildConfigurationList = 8559DEB22DD38BB800FBB89D /* Build configuration list for PBXNativeTarget "SimpleToDoTests" */;
			buildPhases = (
				8559DE972DD38BB800FBB89D /* Sources */,
				8559DE982DD38BB800FBB89D /* Frameworks */,
				8559DE992DD38BB800FBB89D /* Resources */,
			);
			buildRules = (
			);
			dependencies = (
				8559DE9D2DD38BB800FBB89D /* PBXTargetDependency */,
			);
			name = SimpleToDoTests;
			productName = SimpleToDoTests;
			productReference = 8559DE9B2DD38BB800FBB89D /* SimpleToDoTests.xctest */;
			productType = "com.apple.product-type.bundle.unit-test";
		};
		8559DEA42DD38BB800FBB89D /* SimpleToDoUITests */ = {
			isa = PBXNativeTarget;
			buildConfigurationList = 8559DEB52DD38BB800FBB89D /* Build configuration list for PBXNativeTarget "SimpleToDoUITests" */;
			buildPhases = (
				8559DEA12DD38BB800FBB89D /* Sources */,
				8559DEA22DD38BB800FBB89D /* Frameworks */,
				8559DEA32DD38BB800FBB89D /* Resources */,
			);
			buildRules = (
			);
			dependencies = (
				8559DEA72DD38BB800FBB89D /* PBXTargetDependency */,
			);
			name = SimpleToDoUITests;
			productName = SimpleToDoUITests;
			productReference = 8559DEA52DD38BB800FBB89D /* SimpleToDoUITests.xctest */;
			productType = "com.apple.product-type.bundle.ui-testing";
		};
/* End PBXNativeTarget section */

/* Begin PBXProject section */
		8559DE832DD38BB600FBB89D /* Project object */ = {
			isa = PBXProject;
			attributes = {
				BuildIndependentTargetsInParallel = 1;
				LastSwiftUpdateCheck = 1540;
				LastUpgradeCheck = 1540;
				TargetAttributes = {
					8559DE8A2DD38BB600FBB89D = {
						CreatedOnToolsVersion = 15.4;
					};
					8559DE9A2DD38BB800FBB89D = {
						CreatedOnToolsVersion = 15.4;
						TestTargetID = 8559DE8A2DD38BB600FBB89D;
					};
					8559DEA42DD38BB800FBB89D = {
						CreatedOnToolsVersion = 15.4;
						TestTargetID = 8559DE8A2DD38BB600FBB89D;
					};
				};
			};
			buildConfigurationList = 8559DE862DD38BB600FBB89D /* Build configuration list for PBXProject "SimpleToDo" */;
			compatibilityVersion = "Xcode 14.0";
			developmentRegion = en;
			hasScannedForEncodings = 0;
			knownRegions = (
				en,
				Base,
			);
			mainGroup = 8559DE822DD38BB600FBB89D;
			productRefGroup = 8559DE8C2DD38BB600FBB89D /* Products */;
			projectDirPath = "";
			projectRoot = "";
			targets = (
				8559DE8A2DD38BB600FBB89D /* SimpleToDo */,
				8559DE9A2DD38BB800FBB89D /* SimpleToDoTests */,
				8559DEA42DD38BB800FBB89D /* SimpleToDoUITests */,
			);
		};
/* End PBXProject section */

/* Begin PBXResourcesBuildPhase section */
		8559DE892DD38BB600FBB89D /* Resources */ = {
			isa = PBXResourcesBuildPhase;
			buildActionMask = 2147483647;
			files = (
				8559DE962DD38BB800FBB89D /* Preview Assets.xcassets in Resources */,
				8559DE932DD38BB800FBB89D /* Assets.xcassets in Resources */,
			);
			runOnlyForDeploymentPostprocessing = 0;
		};
		8559DE992DD38BB800FBB89D /* Resources */ = {
			isa = PBXResourcesBuildPhase;
			buildActionMask = 2147483647;
			files = (
			);
			runOnlyForDeploymentPostprocessing = 0;
		};
		8559DEA32DD38BB800FBB89D /* Resources */ = {
			isa = PBXResourcesBuildPhase;
			buildActionMask = 2147483647;
			files = (
			);
			runOnlyForDeploymentPostprocessing = 0;
		};
/* End PBXResourcesBuildPhase section */

/* Begin PBXSourcesBuildPhase section */
		8559DE872DD38BB600FBB89D /* Sources */ = {
			isa = PBXSourcesBuildPhase;
			buildActionMask = 2147483647;
			files = (
				8559DEBB2DD38C5D00FBB89D /* TodoViewModel.swift in Sources */,
				8559DEC32DD38EFC00FBB89D /* ImageHelper.swift .swift in Sources */,
				8559DE912DD38BB600FBB89D /* ContentView.swift in Sources */,
				8559DEB92DD38C2B00FBB89D /* TodoItem.swift in Sources */,
				8559DEC52DD4E19700FBB89D /* LocationManager.swift in Sources */,
				8559DEBF2DD38EE200FBB89D /* AddTaskView.swift .swift in Sources */,
				8559DE8F2DD38BB600FBB89D /* SimpleToDoApp.swift in Sources */,
				8559DEC12DD38EF100FBB89D /* LocationHelper.swift .swift in Sources */,
			);
			runOnlyForDeploymentPostprocessing = 0;
		};
		8559DE972DD38BB800FBB89D /* Sources */ = {
			isa = PBXSourcesBuildPhase;
			buildActionMask = 2147483647;
			files = (
				8559DEA02DD38BB800FBB89D /* SimpleToDoTests.swift in Sources */,
			);
			runOnlyForDeploymentPostprocessing = 0;
		};
		8559DEA12DD38BB800FBB89D /* Sources */ = {
			isa = PBXSourcesBuildPhase;
			buildActionMask = 2147483647;
			files = (
				8559DEAC2DD38BB800FBB89D /* SimpleToDoUITestsLaunchTests.swift in Sources */,
				8559DEAA2DD38BB800FBB89D /* SimpleToDoUITests.swift in Sources */,
			);
			runOnlyForDeploymentPostprocessing = 0;
		};
/* End PBXSourcesBuildPhase section */

/* Begin PBXTargetDependency section */
		8559DE9D2DD38BB800FBB89D /* PBXTargetDependency */ = {
			isa = PBXTargetDependency;
			target = 8559DE8A2DD38BB600FBB89D /* SimpleToDo */;
			targetProxy = 8559DE9C2DD38BB800FBB89D /* PBXContainerItemProxy */;
		};
		8559DEA72DD38BB800FBB89D /* PBXTargetDependency */ = {
			isa = PBXTargetDependency;
			target = 8559DE8A2DD38BB600FBB89D /* SimpleToDo */;
			targetProxy = 8559DEA62DD38BB800FBB89D /* PBXContainerItemProxy */;
		};
/* End PBXTargetDependency section */

/* Begin XCBuildConfiguration section */
		8559DEAD2DD38BB800FBB89D /* Debug */ = {
			isa = XCBuildConfiguration;
			buildSettings = {
				ALWAYS_SEARCH_USER_PATHS = NO;
				ASSETCATALOG_COMPILER_GENERATE_SWIFT_ASSET_SYMBOL_EXTENSIONS = YES;
				CLANG_ANALYZER_NONNULL = YES;
				CLANG_ANALYZER_NUMBER_OBJECT_CONVERSION = YES_AGGRESSIVE;
				CLANG_CXX_LANGUAGE_STANDARD = "gnu++20";
				CLANG_ENABLE_MODULES = YES;
				CLANG_ENABLE_OBJC_ARC = YES;
				CLANG_ENABLE_OBJC_WEAK = YES;
				CLANG_WARN_BLOCK_CAPTURE_AUTORELEASING = YES;
				CLANG_WARN_BOOL_CONVERSION = YES;
				CLANG_WARN_COMMA = YES;
				CLANG_WARN_CONSTANT_CONVERSION = YES;
				CLANG_WARN_DEPRECATED_OBJC_IMPLEMENTATIONS = YES;
				CLANG_WARN_DIRECT_OBJC_ISA_USAGE = YES_ERROR;
				CLANG_WARN_DOCUMENTATION_COMMENTS = YES;
				CLANG_WARN_EMPTY_BODY = YES;
				CLANG_WARN_ENUM_CONVERSION = YES;
				CLANG_WARN_INFINITE_RECURSION = YES;
				CLANG_WARN_INT_CONVERSION = YES;
				CLANG_WARN_NON_LITERAL_NULL_CONVERSION = YES;
				CLANG_WARN_OBJC_IMPLICIT_RETAIN_SELF = YES;
				CLANG_WARN_OBJC_LITERAL_CONVERSION = YES;
				CLANG_WARN_OBJC_ROOT_CLASS = YES_ERROR;
				CLANG_WARN_QUOTED_INCLUDE_IN_FRAMEWORK_HEADER = YES;
				CLANG_WARN_RANGE_LOOP_ANALYSIS = YES;
				CLANG_WARN_STRICT_PROTOTYPES = YES;
				CLANG_WARN_SUSPICIOUS_MOVE = YES;
				CLANG_WARN_UNGUARDED_AVAILABILITY = YES_AGGRESSIVE;
				CLANG_WARN_UNREACHABLE_CODE = YES;
				CLANG_WARN__DUPLICATE_METHOD_MATCH = YES;
				COPY_PHASE_STRIP = NO;
				DEBUG_INFORMATION_FORMAT = dwarf;
				ENABLE_STRICT_OBJC_MSGSEND = YES;
				ENABLE_TESTABILITY = YES;
				ENABLE_USER_SCRIPT_SANDBOXING = YES;
				GCC_C_LANGUAGE_STANDARD = gnu17;
				GCC_DYNAMIC_NO_PIC = NO;
				GCC_NO_COMMON_BLOCKS = YES;
				GCC_OPTIMIZATION_LEVEL = 0;
				GCC_PREPROCESSOR_DEFINITIONS = (
					"DEBUG=1",
					"$(inherited)",
				);
				GCC_WARN_64_TO_32_BIT_CONVERSION = YES;
				GCC_WARN_ABOUT_RETURN_TYPE = YES_ERROR;
				GCC_WARN_UNDECLARED_SELECTOR = YES;
				GCC_WARN_UNINITIALIZED_AUTOS = YES_AGGRESSIVE;
				GCC_WARN_UNUSED_FUNCTION = YES;
				GCC_WARN_UNUSED_VARIABLE = YES;
				IPHONEOS_DEPLOYMENT_TARGET = 17.5;
				LOCALIZATION_PREFERS_STRING_CATALOGS = YES;
				MTL_ENABLE_DEBUG_INFO = INCLUDE_SOURCE;
				MTL_FAST_MATH = YES;
				ONLY_ACTIVE_ARCH = YES;
				SDKROOT = iphoneos;
				SWIFT_ACTIVE_COMPILATION_CONDITIONS = "DEBUG $(inherited)";
				SWIFT_OPTIMIZATION_LEVEL = "-Onone";
			};
			name = Debug;
		};
		8559DEAE2DD38BB800FBB89D /* Release */ = {
			isa = XCBuildConfiguration;
			buildSettings = {
				ALWAYS_SEARCH_USER_PATHS = NO;
				ASSETCATALOG_COMPILER_GENERATE_SWIFT_ASSET_SYMBOL_EXTENSIONS = YES;
				CLANG_ANALYZER_NONNULL = YES;
				CLANG_ANALYZER_NUMBER_OBJECT_CONVERSION = YES_AGGRESSIVE;
				CLANG_CXX_LANGUAGE_STANDARD = "gnu++20";
				CLANG_ENABLE_MODULES = YES;
				CLANG_ENABLE_OBJC_ARC = YES;
				CLANG_ENABLE_OBJC_WEAK = YES;
				CLANG_WARN_BLOCK_CAPTURE_AUTORELEASING = YES;
				CLANG_WARN_BOOL_CONVERSION = YES;
				CLANG_WARN_COMMA = YES;
				CLANG_WARN_CONSTANT_CONVERSION = YES;
				CLANG_WARN_DEPRECATED_OBJC_IMPLEMENTATIONS = YES;
				CLANG_WARN_DIRECT_OBJC_ISA_USAGE = YES_ERROR;
				CLANG_WARN_DOCUMENTATION_COMMENTS = YES;
				CLANG_WARN_EMPTY_BODY = YES;
				CLANG_WARN_ENUM_CONVERSION = YES;
				CLANG_WARN_INFINITE_RECURSION = YES;
				CLANG_WARN_INT_CONVERSION = YES;
				CLANG_WARN_NON_LITERAL_NULL_CONVERSION = YES;
				CLANG_WARN_OBJC_IMPLICIT_RETAIN_SELF = YES;
				CLANG_WARN_OBJC_LITERAL_CONVERSION = YES;
				CLANG_WARN_OBJC_ROOT_CLASS = YES_ERROR;
				CLANG_WARN_QUOTED_INCLUDE_IN_FRAMEWORK_HEADER = YES;
				CLANG_WARN_RANGE_LOOP_ANALYSIS = YES;
				CLANG_WARN_STRICT_PROTOTYPES = YES;
				CLANG_WARN_SUSPICIOUS_MOVE = YES;
				CLANG_WARN_UNGUARDED_AVAILABILITY = YES_AGGRESSIVE;
				CLANG_WARN_UNREACHABLE_CODE = YES;
				CLANG_WARN__DUPLICATE_METHOD_MATCH = YES;
				COPY_PHASE_STRIP = NO;
				DEBUG_INFORMATION_FORMAT = "dwarf-with-dsym";
				ENABLE_NS_ASSERTIONS = NO;
				ENABLE_STRICT_OBJC_MSGSEND = YES;
				ENABLE_USER_SCRIPT_SANDBOXING = YES;
				GCC_C_LANGUAGE_STANDARD = gnu17;
				GCC_NO_COMMON_BLOCKS = YES;
				GCC_WARN_64_TO_32_BIT_CONVERSION = YES;
				GCC_WARN_ABOUT_RETURN_TYPE = YES_ERROR;
				GCC_WARN_UNDECLARED_SELECTOR = YES;
				GCC_WARN_UNINITIALIZED_AUTOS = YES_AGGRESSIVE;
				GCC_WARN_UNUSED_FUNCTION = YES;
				GCC_WARN_UNUSED_VARIABLE = YES;
				IPHONEOS_DEPLOYMENT_TARGET = 17.5;
				LOCALIZATION_PREFERS_STRING_CATALOGS = YES;
				MTL_ENABLE_DEBUG_INFO = NO;
				MTL_FAST_MATH = YES;
				SDKROOT = iphoneos;
				SWIFT_COMPILATION_MODE = wholemodule;
				VALIDATE_PRODUCT = YES;
			};
			name = Release;
		};
		8559DEB02DD38BB800FBB89D /* Debug */ = {
			isa = XCBuildConfiguration;
			buildSettings = {
				ASSETCATALOG_COMPILER_APPICON_NAME = AppIcon;
				ASSETCATALOG_COMPILER_GLOBAL_ACCENT_COLOR_NAME = AccentColor;
				CODE_SIGN_STYLE = Automatic;
				CURRENT_PROJECT_VERSION = 1;
				DEVELOPMENT_ASSET_PATHS = "\"SimpleToDo/Preview Content\"";
				ENABLE_PREVIEWS = YES;
				GENERATE_INFOPLIST_FILE = YES;
				INFOPLIST_KEY_UIApplicationSceneManifest_Generation = YES;
				INFOPLIST_KEY_UIApplicationSupportsIndirectInputEvents = YES;
				INFOPLIST_KEY_UILaunchScreen_Generation = YES;
				INFOPLIST_KEY_UISupportedInterfaceOrientations_iPad = "UIInterfaceOrientationPortrait UIInterfaceOrientationPortraitUpsideDown UIInterfaceOrientationLandscapeLeft UIInterfaceOrientationLandscapeRight";
				INFOPLIST_KEY_UISupportedInterfaceOrientations_iPhone = "UIInterfaceOrientationPortrait UIInterfaceOrientationLandscapeLeft UIInterfaceOrientationLandscapeRight";
				LD_RUNPATH_SEARCH_PATHS = (
					"$(inherited)",
					"@executable_path/Frameworks",
				);
				MARKETING_VERSION = 1.0;
				PRODUCT_BUNDLE_IDENTIFIER = cpp.SimpleToDo;
				PRODUCT_NAME = "$(TARGET_NAME)";
				SWIFT_EMIT_LOC_STRINGS = YES;
				SWIFT_VERSION = 5.0;
				TARGETED_DEVICE_FAMILY = "1,2";
			};
			name = Debug;
		};
		8559DEB12DD38BB800FBB89D /* Release */ = {
			isa = XCBuildConfiguration;
			buildSettings = {
				ASSETCATALOG_COMPILER_APPICON_NAME = AppIcon;
				ASSETCATALOG_COMPILER_GLOBAL_ACCENT_COLOR_NAME = AccentColor;
				CODE_SIGN_STYLE = Automatic;
				CURRENT_PROJECT_VERSION = 1;
				DEVELOPMENT_ASSET_PATHS = "\"SimpleToDo/Preview Content\"";
				ENABLE_PREVIEWS = YES;
				GENERATE_INFOPLIST_FILE = YES;
				INFOPLIST_KEY_UIApplicationSceneManifest_Generation = YES;
				INFOPLIST_KEY_UIApplicationSupportsIndirectInputEvents = YES;
				INFOPLIST_KEY_UILaunchScreen_Generation = YES;
				INFOPLIST_KEY_UISupportedInterfaceOrientations_iPad = "UIInterfaceOrientationPortrait UIInterfaceOrientationPortraitUpsideDown UIInterfaceOrientationLandscapeLeft UIInterfaceOrientationLandscapeRight";
				INFOPLIST_KEY_UISupportedInterfaceOrientations_iPhone = "UIInterfaceOrientationPortrait UIInterfaceOrientationLandscapeLeft UIInterfaceOrientationLandscapeRight";
				LD_RUNPATH_SEARCH_PATHS = (
					"$(inherited)",
					"@executable_path/Frameworks",
				);
				MARKETING_VERSION = 1.0;
				PRODUCT_BUNDLE_IDENTIFIER = cpp.SimpleToDo;
				PRODUCT_NAME = "$(TARGET_NAME)";
				SWIFT_EMIT_LOC_STRINGS = YES;
				SWIFT_VERSION = 5.0;
				TARGETED_DEVICE_FAMILY = "1,2";
			};
			name = Release;
		};
		8559DEB32DD38BB800FBB89D /* Debug */ = {
			isa = XCBuildConfiguration;
			buildSettings = {
				ALWAYS_EMBED_SWIFT_STANDARD_LIBRARIES = YES;
				BUNDLE_LOADER = "$(TEST_HOST)";
				CODE_SIGN_STYLE = Automatic;
				CURRENT_PROJECT_VERSION = 1;
				GENERATE_INFOPLIST_FILE = YES;
				IPHONEOS_DEPLOYMENT_TARGET = 17.5;
				MARKETING_VERSION = 1.0;
				PRODUCT_BUNDLE_IDENTIFIER = cpp.SimpleToDoTests;
				PRODUCT_NAME = "$(TARGET_NAME)";
				SWIFT_EMIT_LOC_STRINGS = NO;
				SWIFT_VERSION = 5.0;
				TARGETED_DEVICE_FAMILY = "1,2";
				TEST_HOST = "$(BUILT_PRODUCTS_DIR)/SimpleToDo.app/$(BUNDLE_EXECUTABLE_FOLDER_PATH)/SimpleToDo";
			};
			name = Debug;
		};
		8559DEB42DD38BB800FBB89D /* Release */ = {
			isa = XCBuildConfiguration;
			buildSettings = {
				ALWAYS_EMBED_SWIFT_STANDARD_LIBRARIES = YES;
				BUNDLE_LOADER = "$(TEST_HOST)";
				CODE_SIGN_STYLE = Automatic;
				CURRENT_PROJECT_VERSION = 1;
				GENERATE_INFOPLIST_FILE = YES;
				IPHONEOS_DEPLOYMENT_TARGET = 17.5;
				MARKETING_VERSION = 1.0;
				PRODUCT_BUNDLE_IDENTIFIER = cpp.SimpleToDoTests;
				PRODUCT_NAME = "$(TARGET_NAME)";
				SWIFT_EMIT_LOC_STRINGS = NO;
				SWIFT_VERSION = 5.0;
				TARGETED_DEVICE_FAMILY = "1,2";
				TEST_HOST = "$(BUILT_PRODUCTS_DIR)/SimpleToDo.app/$(BUNDLE_EXECUTABLE_FOLDER_PATH)/SimpleToDo";
			};
			name = Release;
		};
		8559DEB62DD38BB800FBB89D /* Debug */ = {
			isa = XCBuildConfiguration;
			buildSettings = {
				ALWAYS_EMBED_SWIFT_STANDARD_LIBRARIES = YES;
				CODE_SIGN_STYLE = Automatic;
				CURRENT_PROJECT_VERSION = 1;
				GENERATE_INFOPLIST_FILE = YES;
				MARKETING_VERSION = 1.0;
				PRODUCT_BUNDLE_IDENTIFIER = cpp.SimpleToDoUITests;
				PRODUCT_NAME = "$(TARGET_NAME)";
				SWIFT_EMIT_LOC_STRINGS = NO;
				SWIFT_VERSION = 5.0;
				TARGETED_DEVICE_FAMILY = "1,2";
				TEST_TARGET_NAME = SimpleToDo;
			};
			name = Debug;
		};
		8559DEB72DD38BB800FBB89D /* Release */ = {
			isa = XCBuildConfiguration;
			buildSettings = {
				ALWAYS_EMBED_SWIFT_STANDARD_LIBRARIES = YES;
				CODE_SIGN_STYLE = Automatic;
				CURRENT_PROJECT_VERSION = 1;
				GENERATE_INFOPLIST_FILE = YES;
				MARKETING_VERSION = 1.0;
				PRODUCT_BUNDLE_IDENTIFIER = cpp.SimpleToDoUITests;
				PRODUCT_NAME = "$(TARGET_NAME)";
				SWIFT_EMIT_LOC_STRINGS = NO;
				SWIFT_VERSION = 5.0;
				TARGETED_DEVICE_FAMILY = "1,2";
				TEST_TARGET_NAME = SimpleToDo;
			};
			name = Release;
		};
/* End XCBuildConfiguration section */

/* Begin XCConfigurationList section */
		8559DE862DD38BB600FBB89D /* Build configuration list for PBXProject "SimpleToDo" */ = {
			isa = XCConfigurationList;
			buildConfigurations = (
				8559DEAD2DD38BB800FBB89D /* Debug */,
				8559DEAE2DD38BB800FBB89D /* Release */,
			);
			defaultConfigurationIsVisible = 0;
			defaultConfigurationName = Release;
		};
		8559DEAF2DD38BB800FBB89D /* Build configuration list for PBXNativeTarget "SimpleToDo" */ = {
			isa = XCConfigurationList;
			buildConfigurations = (
				8559DEB02DD38BB800FBB89D /* Debug */,
				8559DEB12DD38BB800FBB89D /* Release */,
			);
			defaultConfigurationIsVisible = 0;
			defaultConfigurationName = Release;
		};
		8559DEB22DD38BB800FBB89D /* Build configuration list for PBXNativeTarget "SimpleToDoTests" */ = {
			isa = XCConfigurationList;
			buildConfigurations = (
				8559DEB32DD38BB800FBB89D /* Debug */,
				8559DEB42DD38BB800FBB89D /* Release */,
			);
			defaultConfigurationIsVisible = 0;
			defaultConfigurationName = Release;
		};
		8559DEB52DD38BB800FBB89D /* Build configuration list for PBXNativeTarget "SimpleToDoUITests" */ = {
			isa = XCConfigurationList;
			buildConfigurations = (
				8559DEB62DD38BB800FBB89D /* Debug */,
				8559DEB72DD38BB800FBB89D /* Release */,
			);
			defaultConfigurationIsVisible = 0;
			defaultConfigurationName = Release;
		};
/* End XCConfigurationList section */
	};
	rootObject = 8559DE832DD38BB600FBB89D /* Project object */;
}
